
Microsoft Visual Studio Solution File, Format Version 12.00
# Visual Studio Version 17
VisualStudioVersion = 17.9.34714.143
MinimumVisualStudioVersion = 10.0.40219.1
Project("{9A19103F-16F7-4668-BE54-9A1E7A4F7556}") = "ClassesExercises", "ClassesExercises\ClassesExercises.csproj", "{D58815A8-FAC1-43B5-8552-8AD4CAF18C0B}"
EndProject
Project("{FAE04EC0-301F-11D3-BF4B-00C04F79EFBC}") = "StackOverflowPost", "StackOverflowPost\StackOverflowPost.csproj", "{05D27E21-42BE-4177-A86E-E66E2EBE0CD3}"
EndProject
Global
	GlobalSection(SolutionConfigurationPlatforms) = preSolution
		Debug|Any CPU = Debug|Any CPU
		Release|Any CPU = Release|Any CPU
	EndGlobalSection
	GlobalSection(ProjectConfigurationPlatforms) = postSolution
		{D58815A8-FAC1-43B5-8552-8AD4CAF18C0B}.Debug|Any CPU.ActiveCfg = Debug|Any CPU
		{D58815A8-FAC1-43B5-8552-8AD4CAF18C0B}.Debug|Any CPU.Build.0 = Debug|Any CPU
		{D58815A8-FAC1-43B5-8552-8AD4CAF18C0B}.Release|Any CPU.ActiveCfg = Release|Any CPU
		{D58815A8-FAC1-43B5-8552-8AD4CAF18C0B}.Release|Any CPU.Build.0 = Release|Any CPU
		{05D27E21-42BE-4177-A86E-E66E2EBE0CD3}.Debug|Any CPU.ActiveCfg = Debug|Any CPU
		{05D27E21-42BE-4177-A86E-E66E2EBE0CD3}.Debug|Any CPU.Build.0 = Debug|Any CPU
		{05D27E21-42BE-4177-A86E-E66E2EBE0CD3}.Release|Any CPU.ActiveCfg = Release|Any CPU
		{05D27E21-42BE-4177-A86E-E66E2EBE0CD3}.Release|Any CPU.Build.0 = Release|Any CPU
	EndGlobalSection
	GlobalSection(SolutionProperties) = preSolution
		HideSolutionNode = FALSE
	EndGlobalSection
	GlobalSection(ExtensibilityGlobals) = postSolution
		SolutionGuid = {1F7BCB47-530F-4E33-9717-1894722E909E}
	EndGlobalSection
EndGlobal
