
Microsoft Visual Studio Solution File, Format Version 12.00
# Visual Studio Version 17
VisualStudioVersion = 17.9.34714.143
MinimumVisualStudioVersion = 10.0.40219.1
Project("{FAE04EC0-301F-11D3-BF4B-00C04F79EFBC}") = "Exe1", "Exe1\Exe1.csproj", "{D4D9267C-FCB3-4B31-B717-716D3741EF6F}"
EndProject
Project("{9A19103F-16F7-4668-BE54-9A1E7A4F7556}") = "Exe2", "Exe2\Exe2.csproj", "{E3DECB04-3F14-44E0-82C7-523C45B00650}"
EndProject
Project("{FAE04EC0-301F-11D3-BF4B-00C04F79EFBC}") = "Exe3", "Exercises\Exe3\Exe3.csproj", "{6842A28F-1D49-44BA-A2F2-700B4FB30E8B}"
EndProject
Global
	GlobalSection(SolutionConfigurationPlatforms) = preSolution
		Debug|Any CPU = Debug|Any CPU
		Release|Any CPU = Release|Any CPU
	EndGlobalSection
	GlobalSection(ProjectConfigurationPlatforms) = postSolution
		{D4D9267C-FCB3-4B31-B717-716D3741EF6F}.Debug|Any CPU.ActiveCfg = Debug|Any CPU
		{D4D9267C-FCB3-4B31-B717-716D3741EF6F}.Debug|Any CPU.Build.0 = Debug|Any CPU
		{D4D9267C-FCB3-4B31-B717-716D3741EF6F}.Release|Any CPU.ActiveCfg = Release|Any CPU
		{D4D9267C-FCB3-4B31-B717-716D3741EF6F}.Release|Any CPU.Build.0 = Release|Any CPU
		{E3DECB04-3F14-44E0-82C7-523C45B00650}.Debug|Any CPU.ActiveCfg = Debug|Any CPU
		{E3DECB04-3F14-44E0-82C7-523C45B00650}.Debug|Any CPU.Build.0 = Debug|Any CPU
		{E3DECB04-3F14-44E0-82C7-523C45B00650}.Release|Any CPU.ActiveCfg = Release|Any CPU
		{E3DECB04-3F14-44E0-82C7-523C45B00650}.Release|Any CPU.Build.0 = Release|Any CPU
		{6842A28F-1D49-44BA-A2F2-700B4FB30E8B}.Debug|Any CPU.ActiveCfg = Debug|Any CPU
		{6842A28F-1D49-44BA-A2F2-700B4FB30E8B}.Debug|Any CPU.Build.0 = Debug|Any CPU
		{6842A28F-1D49-44BA-A2F2-700B4FB30E8B}.Release|Any CPU.ActiveCfg = Release|Any CPU
		{6842A28F-1D49-44BA-A2F2-700B4FB30E8B}.Release|Any CPU.Build.0 = Release|Any CPU
	EndGlobalSection
	GlobalSection(SolutionProperties) = preSolution
		HideSolutionNode = FALSE
	EndGlobalSection
	GlobalSection(ExtensibilityGlobals) = postSolution
		SolutionGuid = {45C9455B-E76B-40D9-8381-8DEA138BF2EC}
	EndGlobalSection
EndGlobal
